<?xml version="1.0" encoding="utf-8"?>
<Project ToolsVersion="4.0" xmlns="http://schemas.microsoft.com/developer/msbuild/2003">
  <ItemGroup>
    <Filter Include="Source Files">
      <UniqueIdentifier>{4FC737F1-C7A5-4376-A066-2A32D752A2FF}</UniqueIdentifier>
      <Extensions>cpp;c;cc;cxx;def;odl;idl;hpj;bat;asm;asmx</Extensions>
    </Filter>
    <Filter Include="Header Files">
      <UniqueIdentifier>{93995380-89BD-4b04-88EB-625FBE52EBFB}</UniqueIdentifier>
      <Extensions>h;hpp;hxx;hm;inl;inc;xsd</Extensions>
    </Filter>
    <Filter Include="Resource Files">
      <UniqueIdentifier>{67DA6AB6-F800-4c08-8B7A-83BB121AAD01}</UniqueIdentifier>
      <Extensions>rc;ico;cur;bmp;dlg;rc2;rct;bin;rgs;gif;jpg;jpeg;jpe;resx;tiff;tif;png;wav;mfcribbon-ms</Extensions>
    </Filter>
    <Filter Include="tools_debug">
      <UniqueIdentifier>{7010c8e3-de3c-4df0-9c80-c3b15fadd1e7}</UniqueIdentifier>
    </Filter>
    <Filter Include="PerformanceCounter">
      <UniqueIdentifier>{ccbe55a3-3f2c-4000-bf62-75ca1573ee2e}</UniqueIdentifier>
    </Filter>
    <Filter Include="Emulator">
      <UniqueIdentifier>{ee475b27-dff3-48b5-8f3e-579f5b828443}</UniqueIdentifier>
    </Filter>
  </ItemGroup>
  <ItemGroup>
    <None Include="ReadMe.txt" />
  </ItemGroup>
  <ItemGroup>
    <ClInclude Include="stdafx.h">
      <Filter>Header Files</Filter>
    </ClInclude>
    <ClInclude Include="targetver.h">
      <Filter>Header Files</Filter>
    </ClInclude>
    <ClInclude Include="..\Defectoscope\App\AppBase.h">
      <Filter>Source Files</Filter>
    </ClInclude>
    <ClInclude Include="..\..\Common\tools_debug\DebugMess.h">
      <Filter>tools_debug</Filter>
    </ClInclude>
    <ClInclude Include="..\..\Common\PerformanceCounter\PerformanceCounter.h">
      <Filter>PerformanceCounter</Filter>
    </ClInclude>
    <ClInclude Include="..\..\Common\Emulator\Emulator.h">
      <Filter>Emulator</Filter>
    </ClInclude>
  </ItemGroup>
  <ItemGroup>
    <ClCompile Include="stdafx.cpp">
      <Filter>Source Files</Filter>
    </ClCompile>
    <ClCompile Include="Emultor.cpp">
      <Filter>Source Files</Filter>
    </ClCompile>
    <ClCompile Include="..\Defectoscope\App\AppBase.cpp">
      <Filter>Source Files</Filter>
    </ClCompile>
    <ClCompile Include="..\..\Common\PerformanceCounter\PerformanceCounter.cpp">
      <Filter>PerformanceCounter</Filter>
    </ClCompile>
    <ClCompile Include="..\..\Common\Emulator\Emulator.cpp">
      <Filter>Emulator</Filter>
    </ClCompile>
    <ClCompile Include="DebugMess.cpp">
      <Filter>tools_debug</Filter>
    </ClCompile>
  </ItemGroup>
</Project>