
Microsoft Visual Studio Solution File, Format Version 11.00
# Visual Studio 2010
Project("{8BC9CEB8-8B4A-11D0-8D11-00A0C91BC942}") = "TestComPort", "Tests\TestComPort\TestComPort.vcxproj", "{45AF63D4-B55F-4D16-9CE6-FB5BF9C5078E}"
EndProject
Project("{8BC9CEB8-8B4A-11D0-8D11-00A0C91BC942}") = "Defectoscope", "Units\Defectoscope\Defectoscope.vcxproj", "{AA419953-EDD1-4ECB-8895-A4405F610CD4}"
EndProject
Project("{2150E333-8FDC-42A3-9474-1A3956D46DE8}") = "Tests", "Tests", "{41D60A8B-B4FE-476F-A92B-9CD736AAEE82}"
EndProject
Project("{2150E333-8FDC-42A3-9474-1A3956D46DE8}") = "Units", "Units", "{E57922AA-961C-445E-BA4E-FEC7FDC4C850}"
	ProjectSection(SolutionItems) = preProject
		Units\Defectoscope\Windows\TopLabelViewer.cpp = Units\Defectoscope\Windows\TopLabelViewer.cpp
	EndProjectSection
EndProject
Project("{8BC9CEB8-8B4A-11D0-8D11-00A0C91BC942}") = "TestGenList", "Tests\TestGenList\TestGenList.vcxproj", "{27488C0C-87EE-4CB1-B450-768140DCCEA3}"
EndProject
Project("{8BC9CEB8-8B4A-11D0-8D11-00A0C91BC942}") = "Testtest", "Tests\Testtest\Testtest.vcxproj", "{950160AD-49CE-48DB-9B1A-818E325374E5}"
EndProject
Project("{8BC9CEB8-8B4A-11D0-8D11-00A0C91BC942}") = "subLirTest", "Tests\subLirTest\subLirTest.vcxproj", "{A0E4B24A-E997-4681-842A-A3083477CCA9}"
EndProject
Project("{8BC9CEB8-8B4A-11D0-8D11-00A0C91BC942}") = "EmulatorBits", "Tests\EmulatorBits\EmulatorBits.vcxproj", "{01B4DA79-B806-46E8-A51C-4561C1987761}"
EndProject
Project("{8BC9CEB8-8B4A-11D0-8D11-00A0C91BC942}") = "EmultorX", "Units\Emultor\Emultor.vcxproj", "{11C00266-C3A9-446E-8028-84F96F913274}"
EndProject
Project("{8BC9CEB8-8B4A-11D0-8D11-00A0C91BC942}") = "Emu", "Units\Emu\Emu.vcxproj", "{7617C25B-00CD-4D70-B0D8-6A538256D9F0}"
EndProject
Project("{8BC9CEB8-8B4A-11D0-8D11-00A0C91BC942}") = "TestCuttingZones", "Tests\TestCuttingZones\TestCuttingZones.vcxproj", "{311A436B-6CB0-4EA7-AF98-B5C452E63E22}"
EndProject
Project("{8BC9CEB8-8B4A-11D0-8D11-00A0C91BC942}") = "testMess", "Tests\testMess\testMess.vcxproj", "{FDEBCE98-B643-4B3E-A0CD-38FA5C6978B2}"
EndProject
Project("{8BC9CEB8-8B4A-11D0-8D11-00A0C91BC942}") = "Messages", "Units\Messages\Messages.vcxproj", "{AB43774F-0155-4DAC-BF5C-47104F784830}"
EndProject
Project("{8BC9CEB8-8B4A-11D0-8D11-00A0C91BC942}") = "debug_panel", "Units\panel_debug\debug_panel.vcxproj", "{5455AC9C-CBB3-4DCF-A4DA-A28166F4FEED}"
EndProject
Project("{8BC9CEB8-8B4A-11D0-8D11-00A0C91BC942}") = "testSync", "tests\testSync\testSync.vcxproj", "{39E90DE8-E10E-410F-87F9-E578B8B4000C}"
EndProject
Global
	GlobalSection(SolutionConfigurationPlatforms) = preSolution
		Debug|Win32 = Debug|Win32
		Release|Win32 = Release|Win32
	EndGlobalSection
	GlobalSection(ProjectConfigurationPlatforms) = postSolution
		{45AF63D4-B55F-4D16-9CE6-FB5BF9C5078E}.Debug|Win32.ActiveCfg = Debug|Win32
		{45AF63D4-B55F-4D16-9CE6-FB5BF9C5078E}.Debug|Win32.Build.0 = Debug|Win32
		{45AF63D4-B55F-4D16-9CE6-FB5BF9C5078E}.Release|Win32.ActiveCfg = Release|Win32
		{45AF63D4-B55F-4D16-9CE6-FB5BF9C5078E}.Release|Win32.Build.0 = Release|Win32
		{AA419953-EDD1-4ECB-8895-A4405F610CD4}.Debug|Win32.ActiveCfg = Debug|Win32
		{AA419953-EDD1-4ECB-8895-A4405F610CD4}.Debug|Win32.Build.0 = Debug|Win32
		{AA419953-EDD1-4ECB-8895-A4405F610CD4}.Release|Win32.ActiveCfg = Release|Win32
		{AA419953-EDD1-4ECB-8895-A4405F610CD4}.Release|Win32.Build.0 = Release|Win32
		{27488C0C-87EE-4CB1-B450-768140DCCEA3}.Debug|Win32.ActiveCfg = Debug|Win32
		{27488C0C-87EE-4CB1-B450-768140DCCEA3}.Debug|Win32.Build.0 = Debug|Win32
		{27488C0C-87EE-4CB1-B450-768140DCCEA3}.Release|Win32.ActiveCfg = Release|Win32
		{27488C0C-87EE-4CB1-B450-768140DCCEA3}.Release|Win32.Build.0 = Release|Win32
		{950160AD-49CE-48DB-9B1A-818E325374E5}.Debug|Win32.ActiveCfg = Debug|Win32
		{950160AD-49CE-48DB-9B1A-818E325374E5}.Debug|Win32.Build.0 = Debug|Win32
		{950160AD-49CE-48DB-9B1A-818E325374E5}.Release|Win32.ActiveCfg = Release|Win32
		{950160AD-49CE-48DB-9B1A-818E325374E5}.Release|Win32.Build.0 = Release|Win32
		{A0E4B24A-E997-4681-842A-A3083477CCA9}.Debug|Win32.ActiveCfg = Debug|Win32
		{A0E4B24A-E997-4681-842A-A3083477CCA9}.Debug|Win32.Build.0 = Debug|Win32
		{A0E4B24A-E997-4681-842A-A3083477CCA9}.Release|Win32.ActiveCfg = Release|Win32
		{A0E4B24A-E997-4681-842A-A3083477CCA9}.Release|Win32.Build.0 = Release|Win32
		{01B4DA79-B806-46E8-A51C-4561C1987761}.Debug|Win32.ActiveCfg = Debug|Win32
		{01B4DA79-B806-46E8-A51C-4561C1987761}.Debug|Win32.Build.0 = Debug|Win32
		{01B4DA79-B806-46E8-A51C-4561C1987761}.Release|Win32.ActiveCfg = Release|Win32
		{01B4DA79-B806-46E8-A51C-4561C1987761}.Release|Win32.Build.0 = Release|Win32
		{11C00266-C3A9-446E-8028-84F96F913274}.Debug|Win32.ActiveCfg = Debug|Win32
		{11C00266-C3A9-446E-8028-84F96F913274}.Debug|Win32.Build.0 = Debug|Win32
		{11C00266-C3A9-446E-8028-84F96F913274}.Release|Win32.ActiveCfg = Release|Win32
		{11C00266-C3A9-446E-8028-84F96F913274}.Release|Win32.Build.0 = Release|Win32
		{7617C25B-00CD-4D70-B0D8-6A538256D9F0}.Debug|Win32.ActiveCfg = Debug|Win32
		{7617C25B-00CD-4D70-B0D8-6A538256D9F0}.Debug|Win32.Build.0 = Debug|Win32
		{7617C25B-00CD-4D70-B0D8-6A538256D9F0}.Release|Win32.ActiveCfg = Release|Win32
		{7617C25B-00CD-4D70-B0D8-6A538256D9F0}.Release|Win32.Build.0 = Release|Win32
		{311A436B-6CB0-4EA7-AF98-B5C452E63E22}.Debug|Win32.ActiveCfg = Debug|Win32
		{311A436B-6CB0-4EA7-AF98-B5C452E63E22}.Debug|Win32.Build.0 = Debug|Win32
		{311A436B-6CB0-4EA7-AF98-B5C452E63E22}.Release|Win32.ActiveCfg = Release|Win32
		{311A436B-6CB0-4EA7-AF98-B5C452E63E22}.Release|Win32.Build.0 = Release|Win32
		{FDEBCE98-B643-4B3E-A0CD-38FA5C6978B2}.Debug|Win32.ActiveCfg = Debug|Win32
		{FDEBCE98-B643-4B3E-A0CD-38FA5C6978B2}.Debug|Win32.Build.0 = Debug|Win32
		{FDEBCE98-B643-4B3E-A0CD-38FA5C6978B2}.Release|Win32.ActiveCfg = Release|Win32
		{FDEBCE98-B643-4B3E-A0CD-38FA5C6978B2}.Release|Win32.Build.0 = Release|Win32
		{AB43774F-0155-4DAC-BF5C-47104F784830}.Debug|Win32.ActiveCfg = Debug|Win32
		{AB43774F-0155-4DAC-BF5C-47104F784830}.Debug|Win32.Build.0 = Debug|Win32
		{AB43774F-0155-4DAC-BF5C-47104F784830}.Release|Win32.ActiveCfg = Release|Win32
		{AB43774F-0155-4DAC-BF5C-47104F784830}.Release|Win32.Build.0 = Release|Win32
		{5455AC9C-CBB3-4DCF-A4DA-A28166F4FEED}.Debug|Win32.ActiveCfg = Debug|Win32
		{5455AC9C-CBB3-4DCF-A4DA-A28166F4FEED}.Debug|Win32.Build.0 = Debug|Win32
		{5455AC9C-CBB3-4DCF-A4DA-A28166F4FEED}.Release|Win32.ActiveCfg = Release|Win32
		{5455AC9C-CBB3-4DCF-A4DA-A28166F4FEED}.Release|Win32.Build.0 = Release|Win32
		{39E90DE8-E10E-410F-87F9-E578B8B4000C}.Debug|Win32.ActiveCfg = Debug|Win32
		{39E90DE8-E10E-410F-87F9-E578B8B4000C}.Debug|Win32.Build.0 = Debug|Win32
		{39E90DE8-E10E-410F-87F9-E578B8B4000C}.Release|Win32.ActiveCfg = Release|Win32
		{39E90DE8-E10E-410F-87F9-E578B8B4000C}.Release|Win32.Build.0 = Release|Win32
	EndGlobalSection
	GlobalSection(SolutionProperties) = preSolution
		HideSolutionNode = FALSE
	EndGlobalSection
	GlobalSection(NestedProjects) = preSolution
		{45AF63D4-B55F-4D16-9CE6-FB5BF9C5078E} = {41D60A8B-B4FE-476F-A92B-9CD736AAEE82}
		{27488C0C-87EE-4CB1-B450-768140DCCEA3} = {41D60A8B-B4FE-476F-A92B-9CD736AAEE82}
		{950160AD-49CE-48DB-9B1A-818E325374E5} = {41D60A8B-B4FE-476F-A92B-9CD736AAEE82}
		{01B4DA79-B806-46E8-A51C-4561C1987761} = {41D60A8B-B4FE-476F-A92B-9CD736AAEE82}
		{311A436B-6CB0-4EA7-AF98-B5C452E63E22} = {41D60A8B-B4FE-476F-A92B-9CD736AAEE82}
		{39E90DE8-E10E-410F-87F9-E578B8B4000C} = {41D60A8B-B4FE-476F-A92B-9CD736AAEE82}
		{AA419953-EDD1-4ECB-8895-A4405F610CD4} = {E57922AA-961C-445E-BA4E-FEC7FDC4C850}
		{AB43774F-0155-4DAC-BF5C-47104F784830} = {E57922AA-961C-445E-BA4E-FEC7FDC4C850}
	EndGlobalSection
EndGlobal
