<?xml version="1.0" encoding="utf-8"?>
<Project ToolsVersion="4.0" xmlns="http://schemas.microsoft.com/developer/msbuild/2003">
  <ItemGroup>
    <Filter Include="Source Files">
      <UniqueIdentifier>{4FC737F1-C7A5-4376-A066-2A32D752A2FF}</UniqueIdentifier>
      <Extensions>cpp;c;cc;cxx;def;odl;idl;hpj;bat;asm;asmx</Extensions>
    </Filter>
    <Filter Include="Header Files">
      <UniqueIdentifier>{93995380-89BD-4b04-88EB-625FBE52EBFB}</UniqueIdentifier>
      <Extensions>h;hpp;hxx;hm;inl;inc;xsd</Extensions>
    </Filter>
    <Filter Include="Resource Files">
      <UniqueIdentifier>{67DA6AB6-F800-4c08-8B7A-83BB121AAD01}</UniqueIdentifier>
      <Extensions>rc;ico;cur;bmp;dlg;rc2;rct;bin;rgs;gif;jpg;jpeg;jpe;resx;tiff;tif;png;wav;mfcribbon-ms</Extensions>
    </Filter>
    <Filter Include="Windows">
      <UniqueIdentifier>{25eba63d-924d-448a-95d9-53d3cbc7e6cc}</UniqueIdentifier>
    </Filter>
    <Filter Include="tools_debug">
      <UniqueIdentifier>{a6a478aa-88e3-4ca2-914a-63bdb80ac66a}</UniqueIdentifier>
    </Filter>
    <Filter Include="Dlg">
      <UniqueIdentifier>{5907f1a0-b0ce-45b4-a552-bd0aa49e2120}</UniqueIdentifier>
    </Filter>
    <Filter Include="window_tool">
      <UniqueIdentifier>{552a0b2a-448f-4f55-8e27-bdfbd548f0ab}</UniqueIdentifier>
    </Filter>
    <Filter Include="Log">
      <UniqueIdentifier>{70f42bcc-6fe2-4802-ae48-2c8a8fc5c83c}</UniqueIdentifier>
    </Filter>
    <Filter Include="App">
      <UniqueIdentifier>{52886d83-5e1a-4d89-8bf6-5f58299f7437}</UniqueIdentifier>
    </Filter>
    <Filter Include="PerformanceCounter">
      <UniqueIdentifier>{3df89d36-88a6-4346-964d-01970ffe7c40}</UniqueIdentifier>
    </Filter>
  </ItemGroup>
  <ItemGroup>
    <ClInclude Include="Resource.h">
      <Filter>Header Files</Filter>
    </ClInclude>
    <ClInclude Include="stdafx.h">
      <Filter>Header Files</Filter>
    </ClInclude>
    <ClInclude Include="targetver.h">
      <Filter>Header Files</Filter>
    </ClInclude>
    <ClInclude Include="Messages.h">
      <Filter>Header Files</Filter>
    </ClInclude>
    <ClInclude Include="Windows\MainWindow.h">
      <Filter>Windows</Filter>
    </ClInclude>
    <ClInclude Include="Windows\MainWindowGrid.h">
      <Filter>Windows</Filter>
    </ClInclude>
    <ClInclude Include="Windows\MainWindowMenu.hpp">
      <Filter>Windows</Filter>
    </ClInclude>
    <ClInclude Include="..\..\Common\tools_debug\DebugMess.h">
      <Filter>tools_debug</Filter>
    </ClInclude>
    <ClInclude Include="Dlg\Dialogs.h">
      <Filter>Dlg</Filter>
    </ClInclude>
    <ClInclude Include="..\..\Common\window_tool\Button.h">
      <Filter>window_tool</Filter>
    </ClInclude>
    <ClInclude Include="..\..\Common\window_tool\CheckBoxWidget.h">
      <Filter>window_tool</Filter>
    </ClInclude>
    <ClInclude Include="..\..\Common\window_tool\DlgFiles.h">
      <Filter>window_tool</Filter>
    </ClInclude>
    <ClInclude Include="..\..\Common\window_tool\DropDownItem.h">
      <Filter>window_tool</Filter>
    </ClInclude>
    <ClInclude Include="..\..\Common\window_tool\Emptywindow.h">
      <Filter>window_tool</Filter>
    </ClInclude>
    <ClInclude Include="..\..\Common\window_tool\Grid.h">
      <Filter>window_tool</Filter>
    </ClInclude>
    <ClInclude Include="..\..\Common\window_tool\GridItems.h">
      <Filter>window_tool</Filter>
    </ClInclude>
    <ClInclude Include="..\..\Common\window_tool\GridNotify.hpp">
      <Filter>window_tool</Filter>
    </ClInclude>
    <ClInclude Include="..\..\Common\window_tool\HookKey.h">
      <Filter>window_tool</Filter>
    </ClInclude>
    <ClInclude Include="..\..\Common\window_tool\InitToolbar.hpp">
      <Filter>window_tool</Filter>
    </ClInclude>
    <ClInclude Include="..\..\Common\window_tool\InRect.h">
      <Filter>window_tool</Filter>
    </ClInclude>
    <ClInclude Include="..\..\Common\window_tool\ItemIni.h">
      <Filter>window_tool</Filter>
    </ClInclude>
    <ClInclude Include="..\..\Common\window_tool\MenuAPI.h">
      <Filter>window_tool</Filter>
    </ClInclude>
    <ClInclude Include="..\..\Common\window_tool\message.h">
      <Filter>window_tool</Filter>
    </ClInclude>
    <ClInclude Include="..\..\Common\window_tool\MessagesInterface.h">
      <Filter>window_tool</Filter>
    </ClInclude>
    <ClInclude Include="..\..\Common\window_tool\Pass.h">
      <Filter>window_tool</Filter>
    </ClInclude>
    <ClInclude Include="..\..\Common\window_tool\ProcessRun.h">
      <Filter>window_tool</Filter>
    </ClInclude>
    <ClInclude Include="..\..\Common\window_tool\RadioBtnWidget.h">
      <Filter>window_tool</Filter>
    </ClInclude>
    <ClInclude Include="..\..\Common\window_tool\ToolBarButton.h">
      <Filter>window_tool</Filter>
    </ClInclude>
    <ClInclude Include="..\..\Common\window_tool\ToolBarWidth.hpp">
      <Filter>window_tool</Filter>
    </ClInclude>
    <ClInclude Include="..\..\Common\window_tool\WindowsPosition.h">
      <Filter>window_tool</Filter>
    </ClInclude>
    <ClInclude Include="..\..\CommonApp\Log\LogBuffer.h">
      <Filter>Log</Filter>
    </ClInclude>
    <ClInclude Include="..\..\CommonApp\Log\LogMessages.h">
      <Filter>Log</Filter>
    </ClInclude>
    <ClInclude Include="App\App.h">
      <Filter>App</Filter>
    </ClInclude>
    <ClInclude Include="App\config.h">
      <Filter>App</Filter>
    </ClInclude>
    <ClInclude Include="..\..\Common\PerformanceCounter\PerformanceCounter.h">
      <Filter>PerformanceCounter</Filter>
    </ClInclude>
  </ItemGroup>
  <ItemGroup>
    <ClCompile Include="stdafx.cpp">
      <Filter>Source Files</Filter>
    </ClCompile>
    <ClCompile Include="Messages.cpp">
      <Filter>Source Files</Filter>
    </ClCompile>
    <ClCompile Include="Windows\MainWindow.cpp">
      <Filter>Windows</Filter>
    </ClCompile>
    <ClCompile Include="Windows\MainWindowGrid.cpp">
      <Filter>Windows</Filter>
    </ClCompile>
    <ClCompile Include="..\..\Common\tools_debug\DebugMess.cpp">
      <Filter>tools_debug</Filter>
    </ClCompile>
    <ClCompile Include="Dlg\DlgProc.cpp">
      <Filter>Dlg</Filter>
    </ClCompile>
    <ClCompile Include="..\..\Common\window_tool\Button.cpp">
      <Filter>window_tool</Filter>
    </ClCompile>
    <ClCompile Include="..\..\Common\window_tool\DlgFiles.cpp">
      <Filter>window_tool</Filter>
    </ClCompile>
    <ClCompile Include="..\..\Common\window_tool\DropDownItem.cpp">
      <Filter>window_tool</Filter>
    </ClCompile>
    <ClCompile Include="..\..\Common\window_tool\EmptyWindow.cpp">
      <Filter>window_tool</Filter>
    </ClCompile>
    <ClCompile Include="..\..\Common\window_tool\Grid.cpp">
      <Filter>window_tool</Filter>
    </ClCompile>
    <ClCompile Include="..\..\Common\window_tool\GridItems.cpp">
      <Filter>window_tool</Filter>
    </ClCompile>
    <ClCompile Include="..\..\Common\window_tool\HookKey.cpp">
      <Filter>window_tool</Filter>
    </ClCompile>
    <ClCompile Include="..\..\Common\window_tool\InRect.cpp">
      <Filter>window_tool</Filter>
    </ClCompile>
    <ClCompile Include="..\..\Common\window_tool\ItemIni.cpp">
      <Filter>window_tool</Filter>
    </ClCompile>
    <ClCompile Include="..\..\Common\window_tool\MenuAPI.cpp">
      <Filter>window_tool</Filter>
    </ClCompile>
    <ClCompile Include="..\..\Common\window_tool\Pass.cpp">
      <Filter>window_tool</Filter>
    </ClCompile>
    <ClCompile Include="..\..\Common\window_tool\ProcessRun.cpp">
      <Filter>window_tool</Filter>
    </ClCompile>
    <ClCompile Include="..\..\Common\window_tool\ToolBarButton.cpp">
      <Filter>window_tool</Filter>
    </ClCompile>
    <ClCompile Include="..\..\Common\window_tool\WindowsPosition.cpp">
      <Filter>window_tool</Filter>
    </ClCompile>
    <ClCompile Include="..\..\CommonApp\Log\LogBuffer.cpp">
      <Filter>Log</Filter>
    </ClCompile>
    <ClCompile Include="..\..\CommonApp\Log\LogMessages.cpp">
      <Filter>Log</Filter>
    </ClCompile>
    <ClCompile Include="App\App.cpp">
      <Filter>App</Filter>
    </ClCompile>
    <ClCompile Include="..\..\Common\PerformanceCounter\PerformanceCounter.cpp">
      <Filter>PerformanceCounter</Filter>
    </ClCompile>
  </ItemGroup>
  <ItemGroup>
    <ResourceCompile Include="..\..\Common\Resource\Defectoscope.rc">
      <Filter>Resource Files</Filter>
    </ResourceCompile>
  </ItemGroup>
</Project>